
Microsoft Visual Studio Solution File, Format Version 12.00
# Visual Studio Version 17
VisualStudioVersion = 17.6.33829.357
MinimumVisualStudioVersion = 10.0.40219.1
Project("{9A19103F-16F7-4668-BE54-9A1E7A4F7556}") = "HCN.Domain", "src\HCN.Domain\HCN.Domain.csproj", "{554AD327-6DBA-4F8F-96F8-81CE7A0C863F}"
EndProject
Project("{9A19103F-16F7-4668-BE54-9A1E7A4F7556}") = "HCN.EntityFrameworkCore", "src\HCN.EntityFrameworkCore\HCN.EntityFrameworkCore.csproj", "{C956DD76-69C8-4A9C-83EA-D17DF83340FD}"
EndProject
Project("{2150E333-8FDC-42A3-9474-1A3956D46DE8}") = "src", "src", "{CA9AC87F-097E-4F15-8393-4BC07735A5B0}"
EndProject
Project("{2150E333-8FDC-42A3-9474-1A3956D46DE8}") = "test", "test", "{04DBDB01-70F4-4E06-B468-8F87850B22BE}"
EndProject
Project("{9A19103F-16F7-4668-BE54-9A1E7A4F7556}") = "HCN.Domain.Shared", "src\HCN.Domain.Shared\HCN.Domain.Shared.csproj", "{42F719ED-8413-4895-B5B4-5AB56079BC66}"
EndProject
Project("{9A19103F-16F7-4668-BE54-9A1E7A4F7556}") = "HCN.AuthServer", "src\HCN.AuthServer\HCN.AuthServer.csproj", "{073C361E-B8F4-49F5-93CC-72A3FF49C026}"
EndProject
Project("{9A19103F-16F7-4668-BE54-9A1E7A4F7556}") = "HCN.EntityFrameworkCore.Tests", "test\HCN.EntityFrameworkCore.Tests\HCN.EntityFrameworkCore.Tests.csproj", "{1FE30EB9-74A9-47F5-A9F6-7B1FAB672D81}"
EndProject
Project("{9A19103F-16F7-4668-BE54-9A1E7A4F7556}") = "HCN.TestBase", "test\HCN.TestBase\HCN.TestBase.csproj", "{91853F21-9CD9-4132-BC29-A7D5D84FFFE7}"
EndProject
Project("{9A19103F-16F7-4668-BE54-9A1E7A4F7556}") = "HCN.Domain.Tests", "test\HCN.Domain.Tests\HCN.Domain.Tests.csproj", "{E512F4D9-9375-480F-A2F6-A46509F9D824}"
EndProject
Project("{9A19103F-16F7-4668-BE54-9A1E7A4F7556}") = "HCN.DbMigrator", "src\HCN.DbMigrator\HCN.DbMigrator.csproj", "{AA94D832-1CCC-4715-95A9-A483F23A1A5D}"
EndProject
Project("{2150E333-8FDC-42A3-9474-1A3956D46DE8}") = "common", "common", "{9DE8D7A7-52EA-4D7F-A634-E20CCB6F59DB}"
EndProject
Project("{2150E333-8FDC-42A3-9474-1A3956D46DE8}") = "domain", "domain", "{C21D3F0A-7FB1-4075-8AEA-E42588B27EA0}"
EndProject
Project("{2150E333-8FDC-42A3-9474-1A3956D46DE8}") = "infrastructure", "infrastructure", "{D51E6B10-1E8A-439D-8709-3BE92217EC89}"
EndProject
Project("{2150E333-8FDC-42A3-9474-1A3956D46DE8}") = "admin", "admin", "{D2031B2E-7707-47F5-A6A7-15C954276788}"
EndProject
Project("{2150E333-8FDC-42A3-9474-1A3956D46DE8}") = "auth", "auth", "{77DFF090-71F5-4582-96C7-6A8A67505D55}"
EndProject
Project("{2150E333-8FDC-42A3-9474-1A3956D46DE8}") = "public", "public", "{FE73FF82-2C23-4AAB-927B-188D55106BD4}"
EndProject
Project("{2150E333-8FDC-42A3-9474-1A3956D46DE8}") = "admin", "admin", "{B2A19C52-6EF7-407B-9113-BF13DCC909D0}"
EndProject
Project("{2150E333-8FDC-42A3-9474-1A3956D46DE8}") = "public", "public", "{C7AD90BF-2C5C-4743-834B-F7A963BE39BB}"
EndProject
Project("{2150E333-8FDC-42A3-9474-1A3956D46DE8}") = "shared", "shared", "{27DCCA4E-67F8-4733-B07E-F972CE974166}"
EndProject
Project("{9A19103F-16F7-4668-BE54-9A1E7A4F7556}") = "HCN.Admin.Application", "src\HCN.Admin.Application\HCN.Admin.Application.csproj", "{BB57BF0D-5296-4228-BB56-4635ADCD6613}"
EndProject
Project("{9A19103F-16F7-4668-BE54-9A1E7A4F7556}") = "HCN.Admin.Application.Contracts", "src\HCN.Admin.Application.Contracts\HCN.Admin.Application.Contracts.csproj", "{0763E246-3669-4F75-88FD-2DF75A43F179}"
EndProject
Project("{9A19103F-16F7-4668-BE54-9A1E7A4F7556}") = "HCN.Admin.HttpApi", "src\HCN.Admin.HttpApi\HCN.Admin.HttpApi.csproj", "{A80EAC45-000D-4D1E-80D1-11A06A8787EA}"
EndProject
Project("{9A19103F-16F7-4668-BE54-9A1E7A4F7556}") = "HCN.Admin.HttpApi.Client", "src\HCN.Admin.HttpApi.Client\HCN.Admin.HttpApi.Client.csproj", "{27A4A2BD-20CA-4401-A440-039250C648B1}"
EndProject
Project("{9A19103F-16F7-4668-BE54-9A1E7A4F7556}") = "HCN.Admin.HttpApi.Host", "src\HCN.Admin.HttpApi.Host\HCN.Admin.HttpApi.Host.csproj", "{FA8863B8-9B9E-4953-A145-4A8BEAE5928E}"
EndProject
Project("{9A19103F-16F7-4668-BE54-9A1E7A4F7556}") = "HCN.Public.Application", "src\HCN.Public.Application\HCN.Public.Application.csproj", "{0D53F5A4-A5E7-481A-A8FE-0ED47112B181}"
EndProject
Project("{9A19103F-16F7-4668-BE54-9A1E7A4F7556}") = "HCN.Public.Application.Contracts", "src\HCN.Public.Application.Contracts\HCN.Public.Application.Contracts.csproj", "{F2093037-6A6A-4437-BD50-2FE849C72B4A}"
EndProject
Project("{9A19103F-16F7-4668-BE54-9A1E7A4F7556}") = "HCN.Public.HttpApi", "src\HCN.Public.HttpApi\HCN.Public.HttpApi.csproj", "{8F4F9828-F499-46F4-A978-3A47786B0772}"
EndProject
Project("{9A19103F-16F7-4668-BE54-9A1E7A4F7556}") = "HCN.Public.HttpApi.Client", "src\HCN.Public.HttpApi.Client\HCN.Public.HttpApi.Client.csproj", "{8E4B3253-2D73-4C46-811A-96860D63F4DA}"
EndProject
Project("{9A19103F-16F7-4668-BE54-9A1E7A4F7556}") = "HCN.Public.Web", "src\HCN.Public.Web\HCN.Public.Web.csproj", "{234B92BA-8C78-4CF5-BA19-ABCEC81BFFFD}"
EndProject
Project("{9A19103F-16F7-4668-BE54-9A1E7A4F7556}") = "HCN.Admin.Application.Tests", "test\HCN.Admin.Application.Tests\HCN.Admin.Application.Tests.csproj", "{FFAA205B-4B2A-4538-AF5D-26984DBC5531}"
EndProject
Project("{9A19103F-16F7-4668-BE54-9A1E7A4F7556}") = "HCN.Admin.HttpApi.Client.ConsoleTestApp", "test\HCN.Admin.HttpApi.Client.ConsoleTestApp\HCN.Admin.HttpApi.Client.ConsoleTestApp.csproj", "{A98002D5-F6CE-466D-A208-BAC3E7A6FAD2}"
EndProject
Project("{9A19103F-16F7-4668-BE54-9A1E7A4F7556}") = "HCN.Public.Application.Tests", "test\HCN.Public.Application.Tests\HCN.Public.Application.Tests.csproj", "{460FC915-643C-447F-9FB1-FAA650FA98EF}"
EndProject
Project("{9A19103F-16F7-4668-BE54-9A1E7A4F7556}") = "HCN.Public.HttpApi.Client.ConsoleTestApp", "test\HCN.Public.HttpApi.Client.ConsoleTestApp\HCN.Public.HttpApi.Client.ConsoleTestApp.csproj", "{9923173A-FC48-46E2-A3ED-E7AB7E0378FD}"
EndProject
Global
	GlobalSection(SolutionConfigurationPlatforms) = preSolution
		Debug|Any CPU = Debug|Any CPU
		Release|Any CPU = Release|Any CPU
	EndGlobalSection
	GlobalSection(ProjectConfigurationPlatforms) = postSolution
		{554AD327-6DBA-4F8F-96F8-81CE7A0C863F}.Debug|Any CPU.ActiveCfg = Debug|Any CPU
		{554AD327-6DBA-4F8F-96F8-81CE7A0C863F}.Debug|Any CPU.Build.0 = Debug|Any CPU
		{554AD327-6DBA-4F8F-96F8-81CE7A0C863F}.Release|Any CPU.ActiveCfg = Release|Any CPU
		{554AD327-6DBA-4F8F-96F8-81CE7A0C863F}.Release|Any CPU.Build.0 = Release|Any CPU
		{C956DD76-69C8-4A9C-83EA-D17DF83340FD}.Debug|Any CPU.ActiveCfg = Debug|Any CPU
		{C956DD76-69C8-4A9C-83EA-D17DF83340FD}.Debug|Any CPU.Build.0 = Debug|Any CPU
		{C956DD76-69C8-4A9C-83EA-D17DF83340FD}.Release|Any CPU.ActiveCfg = Release|Any CPU
		{C956DD76-69C8-4A9C-83EA-D17DF83340FD}.Release|Any CPU.Build.0 = Release|Any CPU
		{42F719ED-8413-4895-B5B4-5AB56079BC66}.Debug|Any CPU.ActiveCfg = Debug|Any CPU
		{42F719ED-8413-4895-B5B4-5AB56079BC66}.Debug|Any CPU.Build.0 = Debug|Any CPU
		{42F719ED-8413-4895-B5B4-5AB56079BC66}.Release|Any CPU.ActiveCfg = Release|Any CPU
		{42F719ED-8413-4895-B5B4-5AB56079BC66}.Release|Any CPU.Build.0 = Release|Any CPU
		{073C361E-B8F4-49F5-93CC-72A3FF49C026}.Debug|Any CPU.ActiveCfg = Debug|Any CPU
		{073C361E-B8F4-49F5-93CC-72A3FF49C026}.Debug|Any CPU.Build.0 = Debug|Any CPU
		{073C361E-B8F4-49F5-93CC-72A3FF49C026}.Release|Any CPU.ActiveCfg = Release|Any CPU
		{073C361E-B8F4-49F5-93CC-72A3FF49C026}.Release|Any CPU.Build.0 = Release|Any CPU
		{1FE30EB9-74A9-47F5-A9F6-7B1FAB672D81}.Debug|Any CPU.ActiveCfg = Debug|Any CPU
		{1FE30EB9-74A9-47F5-A9F6-7B1FAB672D81}.Debug|Any CPU.Build.0 = Debug|Any CPU
		{1FE30EB9-74A9-47F5-A9F6-7B1FAB672D81}.Release|Any CPU.ActiveCfg = Release|Any CPU
		{1FE30EB9-74A9-47F5-A9F6-7B1FAB672D81}.Release|Any CPU.Build.0 = Release|Any CPU
		{91853F21-9CD9-4132-BC29-A7D5D84FFFE7}.Debug|Any CPU.ActiveCfg = Debug|Any CPU
		{91853F21-9CD9-4132-BC29-A7D5D84FFFE7}.Debug|Any CPU.Build.0 = Debug|Any CPU
		{91853F21-9CD9-4132-BC29-A7D5D84FFFE7}.Release|Any CPU.ActiveCfg = Release|Any CPU
		{91853F21-9CD9-4132-BC29-A7D5D84FFFE7}.Release|Any CPU.Build.0 = Release|Any CPU
		{E512F4D9-9375-480F-A2F6-A46509F9D824}.Debug|Any CPU.ActiveCfg = Debug|Any CPU
		{E512F4D9-9375-480F-A2F6-A46509F9D824}.Debug|Any CPU.Build.0 = Debug|Any CPU
		{E512F4D9-9375-480F-A2F6-A46509F9D824}.Release|Any CPU.ActiveCfg = Release|Any CPU
		{E512F4D9-9375-480F-A2F6-A46509F9D824}.Release|Any CPU.Build.0 = Release|Any CPU
		{AA94D832-1CCC-4715-95A9-A483F23A1A5D}.Debug|Any CPU.ActiveCfg = Debug|Any CPU
		{AA94D832-1CCC-4715-95A9-A483F23A1A5D}.Debug|Any CPU.Build.0 = Debug|Any CPU
		{AA94D832-1CCC-4715-95A9-A483F23A1A5D}.Release|Any CPU.ActiveCfg = Release|Any CPU
		{AA94D832-1CCC-4715-95A9-A483F23A1A5D}.Release|Any CPU.Build.0 = Release|Any CPU
		{BB57BF0D-5296-4228-BB56-4635ADCD6613}.Debug|Any CPU.ActiveCfg = Debug|Any CPU
		{BB57BF0D-5296-4228-BB56-4635ADCD6613}.Debug|Any CPU.Build.0 = Debug|Any CPU
		{BB57BF0D-5296-4228-BB56-4635ADCD6613}.Release|Any CPU.ActiveCfg = Release|Any CPU
		{BB57BF0D-5296-4228-BB56-4635ADCD6613}.Release|Any CPU.Build.0 = Release|Any CPU
		{0763E246-3669-4F75-88FD-2DF75A43F179}.Debug|Any CPU.ActiveCfg = Debug|Any CPU
		{0763E246-3669-4F75-88FD-2DF75A43F179}.Debug|Any CPU.Build.0 = Debug|Any CPU
		{0763E246-3669-4F75-88FD-2DF75A43F179}.Release|Any CPU.ActiveCfg = Release|Any CPU
		{0763E246-3669-4F75-88FD-2DF75A43F179}.Release|Any CPU.Build.0 = Release|Any CPU
		{A80EAC45-000D-4D1E-80D1-11A06A8787EA}.Debug|Any CPU.ActiveCfg = Debug|Any CPU
		{A80EAC45-000D-4D1E-80D1-11A06A8787EA}.Debug|Any CPU.Build.0 = Debug|Any CPU
		{A80EAC45-000D-4D1E-80D1-11A06A8787EA}.Release|Any CPU.ActiveCfg = Release|Any CPU
		{A80EAC45-000D-4D1E-80D1-11A06A8787EA}.Release|Any CPU.Build.0 = Release|Any CPU
		{27A4A2BD-20CA-4401-A440-039250C648B1}.Debug|Any CPU.ActiveCfg = Debug|Any CPU
		{27A4A2BD-20CA-4401-A440-039250C648B1}.Debug|Any CPU.Build.0 = Debug|Any CPU
		{27A4A2BD-20CA-4401-A440-039250C648B1}.Release|Any CPU.ActiveCfg = Release|Any CPU
		{27A4A2BD-20CA-4401-A440-039250C648B1}.Release|Any CPU.Build.0 = Release|Any CPU
		{FA8863B8-9B9E-4953-A145-4A8BEAE5928E}.Debug|Any CPU.ActiveCfg = Debug|Any CPU
		{FA8863B8-9B9E-4953-A145-4A8BEAE5928E}.Debug|Any CPU.Build.0 = Debug|Any CPU
		{FA8863B8-9B9E-4953-A145-4A8BEAE5928E}.Release|Any CPU.ActiveCfg = Release|Any CPU
		{FA8863B8-9B9E-4953-A145-4A8BEAE5928E}.Release|Any CPU.Build.0 = Release|Any CPU
		{0D53F5A4-A5E7-481A-A8FE-0ED47112B181}.Debug|Any CPU.ActiveCfg = Debug|Any CPU
		{0D53F5A4-A5E7-481A-A8FE-0ED47112B181}.Debug|Any CPU.Build.0 = Debug|Any CPU
		{0D53F5A4-A5E7-481A-A8FE-0ED47112B181}.Release|Any CPU.ActiveCfg = Release|Any CPU
		{0D53F5A4-A5E7-481A-A8FE-0ED47112B181}.Release|Any CPU.Build.0 = Release|Any CPU
		{F2093037-6A6A-4437-BD50-2FE849C72B4A}.Debug|Any CPU.ActiveCfg = Debug|Any CPU
		{F2093037-6A6A-4437-BD50-2FE849C72B4A}.Debug|Any CPU.Build.0 = Debug|Any CPU
		{F2093037-6A6A-4437-BD50-2FE849C72B4A}.Release|Any CPU.ActiveCfg = Release|Any CPU
		{F2093037-6A6A-4437-BD50-2FE849C72B4A}.Release|Any CPU.Build.0 = Release|Any CPU
		{8F4F9828-F499-46F4-A978-3A47786B0772}.Debug|Any CPU.ActiveCfg = Debug|Any CPU
		{8F4F9828-F499-46F4-A978-3A47786B0772}.Debug|Any CPU.Build.0 = Debug|Any CPU
		{8F4F9828-F499-46F4-A978-3A47786B0772}.Release|Any CPU.ActiveCfg = Release|Any CPU
		{8F4F9828-F499-46F4-A978-3A47786B0772}.Release|Any CPU.Build.0 = Release|Any CPU
		{8E4B3253-2D73-4C46-811A-96860D63F4DA}.Debug|Any CPU.ActiveCfg = Debug|Any CPU
		{8E4B3253-2D73-4C46-811A-96860D63F4DA}.Debug|Any CPU.Build.0 = Debug|Any CPU
		{8E4B3253-2D73-4C46-811A-96860D63F4DA}.Release|Any CPU.ActiveCfg = Release|Any CPU
		{8E4B3253-2D73-4C46-811A-96860D63F4DA}.Release|Any CPU.Build.0 = Release|Any CPU
		{234B92BA-8C78-4CF5-BA19-ABCEC81BFFFD}.Debug|Any CPU.ActiveCfg = Debug|Any CPU
		{234B92BA-8C78-4CF5-BA19-ABCEC81BFFFD}.Debug|Any CPU.Build.0 = Debug|Any CPU
		{234B92BA-8C78-4CF5-BA19-ABCEC81BFFFD}.Release|Any CPU.ActiveCfg = Release|Any CPU
		{234B92BA-8C78-4CF5-BA19-ABCEC81BFFFD}.Release|Any CPU.Build.0 = Release|Any CPU
		{FFAA205B-4B2A-4538-AF5D-26984DBC5531}.Debug|Any CPU.ActiveCfg = Debug|Any CPU
		{FFAA205B-4B2A-4538-AF5D-26984DBC5531}.Debug|Any CPU.Build.0 = Debug|Any CPU
		{FFAA205B-4B2A-4538-AF5D-26984DBC5531}.Release|Any CPU.ActiveCfg = Release|Any CPU
		{FFAA205B-4B2A-4538-AF5D-26984DBC5531}.Release|Any CPU.Build.0 = Release|Any CPU
		{A98002D5-F6CE-466D-A208-BAC3E7A6FAD2}.Debug|Any CPU.ActiveCfg = Debug|Any CPU
		{A98002D5-F6CE-466D-A208-BAC3E7A6FAD2}.Debug|Any CPU.Build.0 = Debug|Any CPU
		{A98002D5-F6CE-466D-A208-BAC3E7A6FAD2}.Release|Any CPU.ActiveCfg = Release|Any CPU
		{A98002D5-F6CE-466D-A208-BAC3E7A6FAD2}.Release|Any CPU.Build.0 = Release|Any CPU
		{460FC915-643C-447F-9FB1-FAA650FA98EF}.Debug|Any CPU.ActiveCfg = Debug|Any CPU
		{460FC915-643C-447F-9FB1-FAA650FA98EF}.Debug|Any CPU.Build.0 = Debug|Any CPU
		{460FC915-643C-447F-9FB1-FAA650FA98EF}.Release|Any CPU.ActiveCfg = Release|Any CPU
		{460FC915-643C-447F-9FB1-FAA650FA98EF}.Release|Any CPU.Build.0 = Release|Any CPU
		{9923173A-FC48-46E2-A3ED-E7AB7E0378FD}.Debug|Any CPU.ActiveCfg = Debug|Any CPU
		{9923173A-FC48-46E2-A3ED-E7AB7E0378FD}.Debug|Any CPU.Build.0 = Debug|Any CPU
		{9923173A-FC48-46E2-A3ED-E7AB7E0378FD}.Release|Any CPU.ActiveCfg = Release|Any CPU
		{9923173A-FC48-46E2-A3ED-E7AB7E0378FD}.Release|Any CPU.Build.0 = Release|Any CPU
	EndGlobalSection
	GlobalSection(SolutionProperties) = preSolution
		HideSolutionNode = FALSE
	EndGlobalSection
	GlobalSection(NestedProjects) = preSolution
		{554AD327-6DBA-4F8F-96F8-81CE7A0C863F} = {C21D3F0A-7FB1-4075-8AEA-E42588B27EA0}
		{C956DD76-69C8-4A9C-83EA-D17DF83340FD} = {D51E6B10-1E8A-439D-8709-3BE92217EC89}
		{42F719ED-8413-4895-B5B4-5AB56079BC66} = {C21D3F0A-7FB1-4075-8AEA-E42588B27EA0}
		{073C361E-B8F4-49F5-93CC-72A3FF49C026} = {77DFF090-71F5-4582-96C7-6A8A67505D55}
		{1FE30EB9-74A9-47F5-A9F6-7B1FAB672D81} = {27DCCA4E-67F8-4733-B07E-F972CE974166}
		{91853F21-9CD9-4132-BC29-A7D5D84FFFE7} = {27DCCA4E-67F8-4733-B07E-F972CE974166}
		{E512F4D9-9375-480F-A2F6-A46509F9D824} = {27DCCA4E-67F8-4733-B07E-F972CE974166}
		{AA94D832-1CCC-4715-95A9-A483F23A1A5D} = {D51E6B10-1E8A-439D-8709-3BE92217EC89}
		{9DE8D7A7-52EA-4D7F-A634-E20CCB6F59DB} = {CA9AC87F-097E-4F15-8393-4BC07735A5B0}
		{C21D3F0A-7FB1-4075-8AEA-E42588B27EA0} = {9DE8D7A7-52EA-4D7F-A634-E20CCB6F59DB}
		{D51E6B10-1E8A-439D-8709-3BE92217EC89} = {9DE8D7A7-52EA-4D7F-A634-E20CCB6F59DB}
		{D2031B2E-7707-47F5-A6A7-15C954276788} = {CA9AC87F-097E-4F15-8393-4BC07735A5B0}
		{77DFF090-71F5-4582-96C7-6A8A67505D55} = {CA9AC87F-097E-4F15-8393-4BC07735A5B0}
		{FE73FF82-2C23-4AAB-927B-188D55106BD4} = {CA9AC87F-097E-4F15-8393-4BC07735A5B0}
		{B2A19C52-6EF7-407B-9113-BF13DCC909D0} = {04DBDB01-70F4-4E06-B468-8F87850B22BE}
		{C7AD90BF-2C5C-4743-834B-F7A963BE39BB} = {04DBDB01-70F4-4E06-B468-8F87850B22BE}
		{27DCCA4E-67F8-4733-B07E-F972CE974166} = {04DBDB01-70F4-4E06-B468-8F87850B22BE}
		{BB57BF0D-5296-4228-BB56-4635ADCD6613} = {D2031B2E-7707-47F5-A6A7-15C954276788}
		{0763E246-3669-4F75-88FD-2DF75A43F179} = {D2031B2E-7707-47F5-A6A7-15C954276788}
		{A80EAC45-000D-4D1E-80D1-11A06A8787EA} = {D2031B2E-7707-47F5-A6A7-15C954276788}
		{27A4A2BD-20CA-4401-A440-039250C648B1} = {D2031B2E-7707-47F5-A6A7-15C954276788}
		{FA8863B8-9B9E-4953-A145-4A8BEAE5928E} = {D2031B2E-7707-47F5-A6A7-15C954276788}
		{0D53F5A4-A5E7-481A-A8FE-0ED47112B181} = {FE73FF82-2C23-4AAB-927B-188D55106BD4}
		{F2093037-6A6A-4437-BD50-2FE849C72B4A} = {FE73FF82-2C23-4AAB-927B-188D55106BD4}
		{8F4F9828-F499-46F4-A978-3A47786B0772} = {FE73FF82-2C23-4AAB-927B-188D55106BD4}
		{8E4B3253-2D73-4C46-811A-96860D63F4DA} = {FE73FF82-2C23-4AAB-927B-188D55106BD4}
		{234B92BA-8C78-4CF5-BA19-ABCEC81BFFFD} = {FE73FF82-2C23-4AAB-927B-188D55106BD4}
		{FFAA205B-4B2A-4538-AF5D-26984DBC5531} = {B2A19C52-6EF7-407B-9113-BF13DCC909D0}
		{A98002D5-F6CE-466D-A208-BAC3E7A6FAD2} = {B2A19C52-6EF7-407B-9113-BF13DCC909D0}
		{460FC915-643C-447F-9FB1-FAA650FA98EF} = {C7AD90BF-2C5C-4743-834B-F7A963BE39BB}
		{9923173A-FC48-46E2-A3ED-E7AB7E0378FD} = {C7AD90BF-2C5C-4743-834B-F7A963BE39BB}
	EndGlobalSection
	GlobalSection(ExtensibilityGlobals) = postSolution
		SolutionGuid = {28315BFD-90E7-4E14-A2EA-F3D23AF4126F}
	EndGlobalSection
EndGlobal
